# This file is autogenerated, do not edit; changes may be undone by the next 'dep ensure'.


[[projects]]
  branch = "master"
  digest = "1:df284f67687dbac039656a8d5272aa2a5ccd87a8bb34e8118ef5094f8b301034"
  name = "github.com/Unknwon/com"
  packages = ["."]
  pruneopts = "UT"
  revision = "da59b551951d50441ca26b7a8cd81317f34df87f"

[[projects]]
  branch = "master"
  digest = "1:e990382d48644e08318d3526b374c654a102f37fbcf2b497018a3ad8faf3fbaa"
  name = "github.com/blang/semver"
  packages = ["."]
  pruneopts = "UT"
  revision = "3c1074078d32d767e08ab2c8564867292da86926"

[[projects]]
  digest = "1:3c2529252615b209e6cf92c89a77505016f192372d279d28f49513fe7b69367c"
  name = "github.com/briandowns/spinner"
  packages = ["."]
  pruneopts = "UT"
  revision = "5b875a9171af19dbde37e70a8fcbe2ebd7285e05"
  version = "1.1"

[[projects]]
  branch = "master"
  digest = "1:7bbfeef88a6cc7d65a6a009ba696e980dcf84ed31a7dd6da7e0c6c2ff544df92"
  name = "github.com/common-nighthawk/go-figure"
  packages = ["."]
  pruneopts = "UT"
  revision = "18b2b544842cab16f3ff418fb5290d8f2896a069"

[[projects]]
  branch = "master"
  digest = "1:fe91229bde1db1679a05aa7bda00b7b0edb50e411d834347be5be783d7d6c462"
  name = "github.com/fatih/color"
  packages = ["."]
  pruneopts = "UT"
  revision = "2d684516a8861da43017284349b7e303e809ac21"

[[projects]]
  digest = "1:c8607c6233c51b4052aad4e2e158cec05ff73fca0fa423acaebcf82d1e5c2c8a"
  name = "github.com/gogits/git-module"
  packages = ["."]
  pruneopts = "UT"
  revision = "73275fa99ef150d697b7fc81245e22b0319622ae"

[[projects]]
  digest = "1:15042ad3498153684d09f393bbaec6b216c8eec6d61f63dff711de7d64ed8861"
  name = "github.com/golang/protobuf"
  packages = ["proto"]
  pruneopts = "UT"
  revision = "b4deda0973fb4c70b50d226b1af49f3da59f5265"
  version = "v1.1.0"

[[projects]]
  digest = "1:b0ea4e54e723ef36ba0963c718686854a7766eb3af6a793366cc65f2d5b552cc"
  name = "github.com/google/go-github"
  packages = ["github"]
  pruneopts = "UT"
  revision = "fbd7fb9c7f3d27aa691e8421690e00be916f8d8d"

[[projects]]
  branch = "master"
  digest = "1:a63cff6b5d8b95638bfe300385d93b2a6d9d687734b863da8e09dc834510a690"
  name = "github.com/google/go-querystring"
  packages = ["query"]
  pruneopts = "UT"
  revision = "53e6ce116135b80d037921a7fdd5138cf32d7a8a"

[[projects]]
  branch = "master"
  digest = "1:f3b0cfd42716269884bf06df5d5be9e54161d5af0a2f0ccca08717928dd45fc5"
  name = "github.com/inconshreveable/go-update"
  packages = [
    ".",
    "internal/binarydist",
    "internal/osext",
  ]
  pruneopts = "UT"
  revision = "8152e7eb6ccf8679a64582a66b78519688d156ad"

[[projects]]
  digest = "1:870d441fe217b8e689d7949fef6e43efbc787e50f200cb1e70dbca9204a1d6be"
  name = "github.com/inconshreveable/mousetrap"
  packages = ["."]
  pruneopts = "UT"
  revision = "76626ae9c91c4f2a10f34cad8ce83ea42c93bb75"
  version = "v1.0"

[[projects]]
  digest = "1:c658e84ad3916da105a761660dcaeb01e63416c8ec7bc62256a9b411a05fcd67"
  name = "github.com/mattn/go-colorable"
  packages = ["."]
  pruneopts = "UT"
  revision = "167de6bfdfba052fa6b2d3664c8f5272e23c9072"
  version = "v0.0.9"

[[projects]]
  digest = "1:d4d17353dbd05cb52a2a52b7fe1771883b682806f68db442b436294926bbfafb"
  name = "github.com/mattn/go-isatty"
  packages = ["."]
  pruneopts = "UT"
  revision = "0360b2af4f38e8d38c7fce2a9f4e702702d73a39"
  version = "v0.0.3"

[[projects]]
  branch = "master"
  digest = "1:d1d928e677e2ba3ba94c07b4ed45196cfda312b0131c4bf6d3a8287113be52a2"
  name = "github.com/mcuadros/go-version"
  packages = ["."]
  pruneopts = "UT"
  revision = "6d5863ca60fa6fe914b5fd43ed8533d7567c5b0b"

[[projects]]
  branch = "master"
  digest = "1:2b32af4d2a529083275afc192d1067d8126b578c7a9613b26600e4df9c735155"
  name = "github.com/mgutz/ansi"
  packages = ["."]
  pruneopts = "UT"
  revision = "9520e82c474b0a04dd04f8a40959027271bab992"

[[projects]]
  digest = "1:8eb17c2ec4df79193ae65b621cd1c0c4697db3bc317fe6afdc76d7f2746abd05"
  name = "github.com/mitchellh/go-homedir"
  packages = ["."]
  pruneopts = "UT"
  revision = "3864e76763d94a6df2f9960b16a20a33da9f9a66"

[[projects]]
  digest = "1:a034208e4a8391e340db003e36b03ac756d0a348d3e8ac30cc02e4cb1c028c57"
  name = "github.com/otiai10/copy"
  packages = ["."]
  pruneopts = "UT"
  revision = "c59d460454b7a0c318e59595cb3ea22a41ba2572"

[[projects]]
  branch = "master"
  digest = "1:16e6fde687529deaefbeff14841b694cb6d67dfc31884bac6214313e96e107bc"
  name = "github.com/rhysd/go-github-selfupdate"
  packages = ["selfupdate"]
  pruneopts = "UT"
  revision = "41c1bbb0804a2994dae69502a8c76e7c456ad45e"

[[projects]]
  digest = "1:04330644a1b03ccdf9b31b2f98a0978e2697d967892c07c426f58676209428f6"
  name = "github.com/sirupsen/logrus"
  packages = ["."]
  pruneopts = "UT"
  revision = "e54a77765aca7bbdd8e56c1c54f60579968b2dc9"

[[projects]]
  digest = "1:006db97e1f5db4d08043b781acd92748af94c5e42a3c59b3ffbe7bc1d955cc33"
  name = "github.com/spf13/cobra"
  packages = ["."]
  pruneopts = "UT"
  revision = "1e58aa3361fd650121dceeedc399e7189c05674a"

[[projects]]
  digest = "1:32825a9d99b7c3ec360b129d5c774084f94c8048ec2d2dc206853b1139c33f2e"
  name = "github.com/spf13/pflag"
  packages = ["."]
  pruneopts = "UT"
  revision = "3ebe029320b2676d667ae88da602a5f854788a8a"

[[projects]]
  branch = "master"
  digest = "1:9103234d8f125b20a2c1a59c412138cef1455e725d50e812d9300485b0d24173"
  name = "github.com/tcnksm/go-gitconfig"
  packages = ["."]
  pruneopts = "UT"
  revision = "6411ba19847f20afe47f603328d97aaeca6def6f"

[[projects]]
  branch = "master"
  digest = "1:c556d6002122dcd7a4291d9de747b438693cd352c748e7bf3aa6a957939c2963"
  name = "github.com/ulikunitz/xz"
  packages = [
    ".",
    "internal/hash",
    "internal/xlog",
    "lzma",
  ]
  pruneopts = "UT"
  revision = "636d36a76670e6c700f22fd5f4588679ff2896c4"

[[projects]]
  digest = "1:39a425f98fb19427061a693fe6bf0683c9bddec4b25b17067e34fdb465e39cb9"
  name = "github.com/x-cray/logrus-prefixed-formatter"
  packages = ["."]
  pruneopts = "UT"
  revision = "bb2702d423886830dee131692131d35648c382e2"
  version = "v0.5.2"

[[projects]]
  digest = "1:3f3a05ae0b95893d90b9b3b5afdb79a9b3d96e4e36e099d841ae602e4aca0da8"
  name = "golang.org/x/crypto"
  packages = ["ssh/terminal"]
  pruneopts = "UT"
  revision = "a49355c7e3f8fe157a85be2f77e6e269a0f89602"

[[projects]]
  digest = "1:d6b719875cf8091fbab38527d81d34e71f4521b9ee9ccfbd4a32cff2ac5af96e"
  name = "golang.org/x/net"
  packages = [
    "context",
    "context/ctxhttp",
  ]
  pruneopts = "UT"
  revision = "f4c29de78a2a91c00474a2e689954305c350adf9"

[[projects]]
  branch = "master"
  digest = "1:af19f6e6c369bf51ef226e989034cd88a45083173c02ac4d7ab74c9a90d356b7"
  name = "golang.org/x/oauth2"
  packages = [
    ".",
    "internal",
  ]
  pruneopts = "UT"
  revision = "3d292e4d0cdc3a0113e6d207bb137145ef1de42f"

[[projects]]
  digest = "1:50e49f00c462e4531c6987ab12ab81a9a9f76bc0c3235c6e9cf9b75c2b5ff638"
  name = "golang.org/x/sys"
  packages = [
    "unix",
    "windows",
  ]
  pruneopts = "UT"
  revision = "7138fd3d9dc8335c567ca206f4333fb75eb05d56"

[[projects]]
  digest = "1:328b5e4f197d928c444a51a75385f4b978915c0e75521f0ad6a3db976c97a7d3"
  name = "google.golang.org/appengine"
  packages = [
    "internal",
    "internal/base",
    "internal/datastore",
    "internal/log",
    "internal/remote_api",
    "internal/urlfetch",
    "urlfetch",
  ]
  pruneopts = "UT"
  revision = "b1f26356af11148e710935ed1ac8a7f5702c7612"
  version = "v1.1.0"

[solve-meta]
  analyzer-name = "dep"
  analyzer-version = 1
  input-imports = [
    "github.com/blang/semver",
    "github.com/briandowns/spinner",
    "github.com/common-nighthawk/go-figure",
    "github.com/gogits/git-module",
    "github.com/mitchellh/go-homedir",
    "github.com/otiai10/copy",
    "github.com/rhysd/go-github-selfupdate/selfupdate",
    "github.com/sirupsen/logrus",
    "github.com/spf13/cobra",
    "github.com/x-cray/logrus-prefixed-formatter",
  ]
  solver-name = "gps-cdcl"
  solver-version = 1
